// !$*UTF8*$!
{
	archiveVersion = 1;
	classes = {
	};
	objectVersion = 46;
	objects = {

/* Begin PBXBuildFile section */
		FD7DFF021ACE6C2600CC7324 /* AppDelegate.swift in Sources */ = {isa = PBXBuildFile; fileRef = FD7DFF011ACE6C2600CC7324 /* AppDelegate.swift */; };
		FD7DFF041ACE6C2600CC7324 /* ViewController.swift in Sources */ = {isa = PBXBuildFile; fileRef = FD7DFF031ACE6C2600CC7324 /* ViewController.swift */; };
		FD7DFF071ACE6C2600CC7324 /* Main.storyboard in Resources */ = {isa = PBXBuildFile; fileRef = FD7DFF051ACE6C2600CC7324 /* Main.storyboard */; };
		FD7DFF091ACE6C2600CC7324 /* Images.xcassets in Resources */ = {isa = PBXBuildFile; fileRef = FD7DFF081ACE6C2600CC7324 /* Images.xcassets */; };
		FD7DFF0C1ACE6C2600CC7324 /* LaunchScreen.xib in Resources */ = {isa = PBXBuildFile; fileRef = FD7DFF0A1ACE6C2600CC7324 /* LaunchScreen.xib */; };
		FD7DFF181ACE6C2700CC7324 /* UIImagePickerControllerTests.swift in Sources */ = {isa = PBXBuildFile; fileRef = FD7DFF171ACE6C2700CC7324 /* UIImagePickerControllerTests.swift */; };
/* End PBXBuildFile section */

/* Begin PBXContainerItemProxy section */
		FD7DFF121ACE6C2700CC7324 /* PBXContainerItemProxy */ = {
			isa = PBXContainerItemProxy;
			containerPortal = FD7DFEF41ACE6C2600CC7324 /* Project object */;
			proxyType = 1;
			remoteGlobalIDString = FD7DFEFB1ACE6C2600CC7324;
			remoteInfo = UIImagePickerController;
		};
/* End PBXContainerItemProxy section */

/* Begin PBXFileReference section */
		FD7DFEFC1ACE6C2600CC7324 /* UIImagePickerController.app */ = {isa = PBXFileReference; explicitFileType = wrapper.application; includeInIndex = 0; path = UIImagePickerController.app; sourceTree = BUILT_PRODUCTS_DIR; };
		FD7DFF001ACE6C2600CC7324 /* Info.plist */ = {isa = PBXFileReference; lastKnownFileType = text.plist.xml; path = Info.plist; sourceTree = "<group>"; };
		FD7DFF011ACE6C2600CC7324 /* AppDelegate.swift */ = {isa = PBXFileReference; lastKnownFileType = sourcecode.swift; path = AppDelegate.swift; sourceTree = "<group>"; };
		FD7DFF031ACE6C2600CC7324 /* ViewController.swift */ = {isa = PBXFileReference; lastKnownFileType = sourcecode.swift; path = ViewController.swift; sourceTree = "<group>"; };
		FD7DFF061ACE6C2600CC7324 /* Base */ = {isa = PBXFileReference; lastKnownFileType = file.storyboard; name = Base; path = Base.lproj/Main.storyboard; sourceTree = "<group>"; };
		FD7DFF081ACE6C2600CC7324 /* Images.xcassets */ = {isa = PBXFileReference; lastKnownFileType = folder.assetcatalog; path = Images.xcassets; sourceTree = "<group>"; };
		FD7DFF0B1ACE6C2600CC7324 /* Base */ = {isa = PBXFileReference; lastKnownFileType = file.xib; name = Base; path = Base.lproj/LaunchScreen.xib; sourceTree = "<group>"; };
		FD7DFF111ACE6C2700CC7324 /* UIImagePickerControllerTests.xctest */ = {isa = PBXFileReference; explicitFileType = wrapper.cfbundle; includeInIndex = 0; path = UIImagePickerControllerTests.xctest; sourceTree = BUILT_PRODUCTS_DIR; };
		FD7DFF161ACE6C2700CC7324 /* Info.plist */ = {isa = PBXFileReference; lastKnownFileType = text.plist.xml; path = Info.plist; sourceTree = "<group>"; };
		FD7DFF171ACE6C2700CC7324 /* UIImagePickerControllerTests.swift */ = {isa = PBXFileReference; lastKnownFileType = sourcecode.swift; path = UIImagePickerControllerTests.swift; sourceTree = "<group>"; };
/* End PBXFileReference section */

/* Begin PBXFrameworksBuildPhase section */
		FD7DFEF91ACE6C2600CC7324 /* Frameworks */ = {
			isa = PBXFrameworksBuildPhase;
			buildActionMask = 2147483647;
			files = (
			);
			runOnlyForDeploymentPostprocessing = 0;
		};
		FD7DFF0E1ACE6C2700CC7324 /* Frameworks */ = {
			isa = PBXFrameworksBuildPhase;
			buildActionMask = 2147483647;
			files = (
			);
			runOnlyForDeploymentPostprocessing = 0;
		};
/* End PBXFrameworksBuildPhase section */

/* Begin PBXGroup section */
		FD7DFEF31ACE6C2600CC7324 = {
			isa = PBXGroup;
			children = (
				FD7DFEFE1ACE6C2600CC7324 /* UIImagePickerController */,
				FD7DFF141ACE6C2700CC7324 /* UIImagePickerControllerTests */,
				FD7DFEFD1ACE6C2600CC7324 /* Products */,
			);
			sourceTree = "<group>";
		};
		FD7DFEFD1ACE6C2600CC7324 /* Products */ = {
			isa = PBXGroup;
			children = (
				FD7DFEFC1ACE6C2600CC7324 /* UIImagePickerController.app */,
				FD7DFF111ACE6C2700CC7324 /* UIImagePickerControllerTests.xctest */,
			);
			name = Products;
			sourceTree = "<group>";
		};
		FD7DFEFE1ACE6C2600CC7324 /* UIImagePickerController */ = {
			isa = PBXGroup;
			children = (
				FD7DFF011ACE6C2600CC7324 /* AppDelegate.swift */,
				FD7DFF031ACE6C2600CC7324 /* ViewController.swift */,
				FD7DFF051ACE6C2600CC7324 /* Main.storyboard */,
				FD7DFF081ACE6C2600CC7324 /* Images.xcassets */,
				FD7DFF0A1ACE6C2600CC7324 /* LaunchScreen.xib */,
				FD7DFEFF1ACE6C2600CC7324 /* Supporting Files */,
			);
			path = UIImagePickerController;
			sourceTree = "<group>";
		};
		FD7DFEFF1ACE6C2600CC7324 /* Supporting Files */ = {
			isa = PBXGroup;
			children = (
				FD7DFF001ACE6C2600CC7324 /* Info.plist */,
			);
			name = "Supporting Files";
			sourceTree = "<group>";
		};
		FD7DFF141ACE6C2700CC7324 /* UIImagePickerControllerTests */ = {
			isa = PBXGroup;
			children = (
				FD7DFF171ACE6C2700CC7324 /* UIImagePickerControllerTests.swift */,
				FD7DFF151ACE6C2700CC7324 /* Supporting Files */,
			);
			path = UIImagePickerControllerTests;
			sourceTree = "<group>";
		};
		FD7DFF151ACE6C2700CC7324 /* Supporting Files */ = {
			isa = PBXGroup;
			children = (
				FD7DFF161ACE6C2700CC7324 /* Info.plist */,
			);
			name = "Supporting Files";
			sourceTree = "<group>";
		};
/* End PBXGroup section */

/* Begin PBXNativeTarget section */
		FD7DFEFB1ACE6C2600CC7324 /* UIImagePickerController */ = {
			isa = PBXNativeTarget;
			buildConfigurationList = FD7DFF1B1ACE6C2700CC7324 /* Build configuration list for PBXNativeTarget "UIImagePickerController" */;
			buildPhases = (
				FD7DFEF81ACE6C2600CC7324 /* Sources */,
				FD7DFEF91ACE6C2600CC7324 /* Frameworks */,
				FD7DFEFA1ACE6C2600CC7324 /* Resources */,
			);
			buildRules = (
			);
			dependencies = (
			);
			name = UIImagePickerController;
			productName = UIImagePickerController;
			productReference = FD7DFEFC1ACE6C2600CC7324 /* UIImagePickerController.app */;
			productType = "com.apple.product-type.application";
		};
		FD7DFF101ACE6C2700CC7324 /* UIImagePickerControllerTests */ = {
			isa = PBXNativeTarget;
			buildConfigurationList = FD7DFF1E1ACE6C2700CC7324 /* Build configuration list for PBXNativeTarget "UIImagePickerControllerTests" */;
			buildPhases = (
				FD7DFF0D1ACE6C2700CC7324 /* Sources */,
				FD7DFF0E1ACE6C2700CC7324 /* Frameworks */,
				FD7DFF0F1ACE6C2700CC7324 /* Resources */,
			);
			buildRules = (
			);
			dependencies = (
				FD7DFF131ACE6C2700CC7324 /* PBXTargetDependency */,
			);
			name = UIImagePickerControllerTests;
			productName = UIImagePickerControllerTests;
			productReference = FD7DFF111ACE6C2700CC7324 /* UIImagePickerControllerTests.xctest */;
			productType = "com.apple.product-type.bundle.unit-test";
		};
/* End PBXNativeTarget section */

/* Begin PBXProject section */
		FD7DFEF41ACE6C2600CC7324 /* Project object */ = {
			isa = PBXProject;
			attributes = {
				LastUpgradeCheck = 0600;
				ORGANIZATIONNAME = iStudents;
				TargetAttributes = {
					FD7DFEFB1ACE6C2600CC7324 = {
						CreatedOnToolsVersion = 6.0;
					};
					FD7DFF101ACE6C2700CC7324 = {
						CreatedOnToolsVersion = 6.0;
						TestTargetID = FD7DFEFB1ACE6C2600CC7324;
					};
				};
			};
			buildConfigurationList = FD7DFEF71ACE6C2600CC7324 /* Build configuration list for PBXProject "UIImagePickerController" */;
			compatibilityVersion = "Xcode 3.2";
			developmentRegion = English;
			hasScannedForEncodings = 0;
			knownRegions = (
				en,
				Base,
			);
			mainGroup = FD7DFEF31ACE6C2600CC7324;
			productRefGroup = FD7DFEFD1ACE6C2600CC7324 /* Products */;
			projectDirPath = "";
			projectRoot = "";
			targets = (
				FD7DFEFB1ACE6C2600CC7324 /* UIImagePickerController */,
				FD7DFF101ACE6C2700CC7324 /* UIImagePickerControllerTests */,
			);
		};
/* End PBXProject section */

/* Begin PBXResourcesBuildPhase section */
		FD7DFEFA1ACE6C2600CC7324 /* Resources */ = {
			isa = PBXResourcesBuildPhase;
			buildActionMask = 2147483647;
			files = (
				FD7DFF071ACE6C2600CC7324 /* Main.storyboard in Resources */,
				FD7DFF0C1ACE6C2600CC7324 /* LaunchScreen.xib in Resources */,
				FD7DFF091ACE6C2600CC7324 /* Images.xcassets in Resources */,
			);
			runOnlyForDeploymentPostprocessing = 0;
		};
		FD7DFF0F1ACE6C2700CC7324 /* Resources */ = {
			isa = PBXResourcesBuildPhase;
			buildActionMask = 2147483647;
			files = (
			);
			runOnlyForDeploymentPostprocessing = 0;
		};
/* End PBXResourcesBuildPhase section */

/* Begin PBXSourcesBuildPhase section */
		FD7DFEF81ACE6C2600CC7324 /* Sources */ = {
			isa = PBXSourcesBuildPhase;
			buildActionMask = 2147483647;
			files = (
				FD7DFF041ACE6C2600CC7324 /* ViewController.swift in Sources */,
				FD7DFF021ACE6C2600CC7324 /* AppDelegate.swift in Sources */,
			);
			runOnlyForDeploymentPostprocessing = 0;
		};
		FD7DFF0D1ACE6C2700CC7324 /* Sources */ = {
			isa = PBXSourcesBuildPhase;
			buildActionMask = 2147483647;
			files = (
				FD7DFF181ACE6C2700CC7324 /* UIImagePickerControllerTests.swift in Sources */,
			);
			runOnlyForDeploymentPostprocessing = 0;
		};
/* End PBXSourcesBuildPhase section */

/* Begin PBXTargetDependency section */
		FD7DFF131ACE6C2700CC7324 /* PBXTargetDependency */ = {
			isa = PBXTargetDependency;
			target = FD7DFEFB1ACE6C2600CC7324 /* UIImagePickerController */;
			targetProxy = FD7DFF121ACE6C2700CC7324 /* PBXContainerItemProxy */;
		};
/* End PBXTargetDependency section */

/* Begin PBXVariantGroup section */
		FD7DFF051ACE6C2600CC7324 /* Main.storyboard */ = {
			isa = PBXVariantGroup;
			children = (
				FD7DFF061ACE6C2600CC7324 /* Base */,
			);
			name = Main.storyboard;
			sourceTree = "<group>";
		};
		FD7DFF0A1ACE6C2600CC7324 /* LaunchScreen.xib */ = {
			isa = PBXVariantGroup;
			children = (
				FD7DFF0B1ACE6C2600CC7324 /* Base */,
			);
			name = LaunchScreen.xib;
			sourceTree = "<group>";
		};
/* End PBXVariantGroup section */

/* Begin XCBuildConfiguration section */
		FD7DFF191ACE6C2700CC7324 /* Debug */ = {
			isa = XCBuildConfiguration;
			buildSettings = {
				ALWAYS_SEARCH_USER_PATHS = NO;
				CLANG_CXX_LANGUAGE_STANDARD = "gnu++0x";
				CLANG_CXX_LIBRARY = "libc++";
				CLANG_ENABLE_MODULES = YES;
				CLANG_ENABLE_OBJC_ARC = YES;
				CLANG_WARN_BOOL_CONVERSION = YES;
				CLANG_WARN_CONSTANT_CONVERSION = YES;
				CLANG_WARN_DIRECT_OBJC_ISA_USAGE = YES_ERROR;
				CLANG_WARN_EMPTY_BODY = YES;
				CLANG_WARN_ENUM_CONVERSION = YES;
				CLANG_WARN_INT_CONVERSION = YES;
				CLANG_WARN_OBJC_ROOT_CLASS = YES_ERROR;
				CLANG_WARN_UNREACHABLE_CODE = YES;
				CLANG_WARN__DUPLICATE_METHOD_MATCH = YES;
				"CODE_SIGN_IDENTITY[sdk=iphoneos*]" = "iPhone Developer";
				COPY_PHASE_STRIP = NO;
				ENABLE_STRICT_OBJC_MSGSEND = YES;
				GCC_C_LANGUAGE_STANDARD = gnu99;
				GCC_DYNAMIC_NO_PIC = NO;
				GCC_OPTIMIZATION_LEVEL = 0;
				GCC_PREPROCESSOR_DEFINITIONS = (
					"DEBUG=1",
					"$(inherited)",
				);
				GCC_SYMBOLS_PRIVATE_EXTERN = NO;
				GCC_WARN_64_TO_32_BIT_CONVERSION = YES;
				GCC_WARN_ABOUT_RETURN_TYPE = YES_ERROR;
				GCC_WARN_UNDECLARED_SELECTOR = YES;
				GCC_WARN_UNINITIALIZED_AUTOS = YES_AGGRESSIVE;
				GCC_WARN_UNUSED_FUNCTION = YES;
				GCC_WARN_UNUSED_VARIABLE = YES;
				IPHONEOS_DEPLOYMENT_TARGET = 8.0;
				MTL_ENABLE_DEBUG_INFO = YES;
				ONLY_ACTIVE_ARCH = YES;
				SDKROOT = iphoneos;
				SWIFT_OPTIMIZATION_LEVEL = "-Onone";
			};
			name = Debug;
		};
		FD7DFF1A1ACE6C2700CC7324 /* Release */ = {
			isa = XCBuildConfiguration;
			buildSettings = {
				ALWAYS_SEARCH_USER_PATHS = NO;
				CLANG_CXX_LANGUAGE_STANDARD = "gnu++0x";
				CLANG_CXX_LIBRARY = "libc++";
				CLANG_ENABLE_MODULES = YES;
				CLANG_ENABLE_OBJC_ARC = YES;
				CLANG_WARN_BOOL_CONVERSION = YES;
				CLANG_WARN_CONSTANT_CONVERSION = YES;
				CLANG_WARN_DIRECT_OBJC_ISA_USAGE = YES_ERROR;
				CLANG_WARN_EMPTY_BODY = YES;
				CLANG_WARN_ENUM_CONVERSION = YES;
				CLANG_WARN_INT_CONVERSION = YES;
				CLANG_WARN_OBJC_ROOT_CLASS = YES_ERROR;
				CLANG_WARN_UNREACHABLE_CODE = YES;
				CLANG_WARN__DUPLICATE_METHOD_MATCH = YES;
				"CODE_SIGN_IDENTITY[sdk=iphoneos*]" = "iPhone Developer";
				COPY_PHASE_STRIP = YES;
				ENABLE_NS_ASSERTIONS = NO;
				ENABLE_STRICT_OBJC_MSGSEND = YES;
				GCC_C_LANGUAGE_STANDARD = gnu99;
				GCC_WARN_64_TO_32_BIT_CONVERSION = YES;
				GCC_WARN_ABOUT_RETURN_TYPE = YES_ERROR;
				GCC_WARN_UNDECLARED_SELECTOR = YES;
				GCC_WARN_UNINITIALIZED_AUTOS = YES_AGGRESSIVE;
				GCC_WARN_UNUSED_FUNCTION = YES;
				GCC_WARN_UNUSED_VARIABLE = YES;
				IPHONEOS_DEPLOYMENT_TARGET = 8.0;
				MTL_ENABLE_DEBUG_INFO = NO;
				SDKROOT = iphoneos;
				VALIDATE_PRODUCT = YES;
			};
			name = Release;
		};
		FD7DFF1C1ACE6C2700CC7324 /* Debug */ = {
			isa = XCBuildConfiguration;
			buildSettings = {
				ASSETCATALOG_COMPILER_APPICON_NAME = AppIcon;
				INFOPLIST_FILE = UIImagePickerController/Info.plist;
				LD_RUNPATH_SEARCH_PATHS = "$(inherited) @executable_path/Frameworks";
				PRODUCT_NAME = "$(TARGET_NAME)";
			};
			name = Debug;
		};
		FD7DFF1D1ACE6C2700CC7324 /* Release */ = {
			isa = XCBuildConfiguration;
			buildSettings = {
				ASSETCATALOG_COMPILER_APPICON_NAME = AppIcon;
				INFOPLIST_FILE = UIImagePickerController/Info.plist;
				LD_RUNPATH_SEARCH_PATHS = "$(inherited) @executable_path/Frameworks";
				PRODUCT_NAME = "$(TARGET_NAME)";
			};
			name = Release;
		};
		FD7DFF1F1ACE6C2700CC7324 /* Debug */ = {
			isa = XCBuildConfiguration;
			buildSettings = {
				BUNDLE_LOADER = "$(TEST_HOST)";
				FRAMEWORK_SEARCH_PATHS = (
					"$(SDKROOT)/Developer/Library/Frameworks",
					"$(inherited)",
				);
				GCC_PREPROCESSOR_DEFINITIONS = (
					"DEBUG=1",
					"$(inherited)",
				);
				INFOPLIST_FILE = UIImagePickerControllerTests/Info.plist;
				LD_RUNPATH_SEARCH_PATHS = "$(inherited) @executable_path/Frameworks @loader_path/Frameworks";
				PRODUCT_NAME = "$(TARGET_NAME)";
				TEST_HOST = "$(BUILT_PRODUCTS_DIR)/UIImagePickerController.app/UIImagePickerController";
			};
			name = Debug;
		};
		FD7DFF201ACE6C2700CC7324 /* Release */ = {
			isa = XCBuildConfiguration;
			buildSettings = {
				BUNDLE_LOADER = "$(TEST_HOST)";
				FRAMEWORK_SEARCH_PATHS = (
					"$(SDKROOT)/Developer/Library/Frameworks",
					"$(inherited)",
				);
				INFOPLIST_FILE = UIImagePickerControllerTests/Info.plist;
				LD_RUNPATH_SEARCH_PATHS = "$(inherited) @executable_path/Frameworks @loader_path/Frameworks";
				PRODUCT_NAME = "$(TARGET_NAME)";
				TEST_HOST = "$(BUILT_PRODUCTS_DIR)/UIImagePickerController.app/UIImagePickerController";
			};
			name = Release;
		};
/* End XCBuildConfiguration section */

/* Begin XCConfigurationList section */
		FD7DFEF71ACE6C2600CC7324 /* Build configuration list for PBXProject "UIImagePickerController" */ = {
			isa = XCConfigurationList;
			buildConfigurations = (
				FD7DFF191ACE6C2700CC7324 /* Debug */,
				FD7DFF1A1ACE6C2700CC7324 /* Release */,
			);
			defaultConfigurationIsVisible = 0;
			defaultConfigurationName = Release;
		};
		FD7DFF1B1ACE6C2700CC7324 /* Build configuration list for PBXNativeTarget "UIImagePickerController" */ = {
			isa = XCConfigurationList;
			buildConfigurations = (
				FD7DFF1C1ACE6C2700CC7324 /* Debug */,
				FD7DFF1D1ACE6C2700CC7324 /* Release */,
			);
			defaultConfigurationIsVisible = 0;
		};
		FD7DFF1E1ACE6C2700CC7324 /* Build configuration list for PBXNativeTarget "UIImagePickerControllerTests" */ = {
			isa = XCConfigurationList;
			buildConfigurations = (
				FD7DFF1F1ACE6C2700CC7324 /* Debug */,
				FD7DFF201ACE6C2700CC7324 /* Release */,
			);
			defaultConfigurationIsVisible = 0;
		};
/* End XCConfigurationList section */
	};
	rootObject = FD7DFEF41ACE6C2600CC7324 /* Project object */;
}
