// !$*UTF8*$!
{
	archiveVersion = 1;
	classes = {
	};
	objectVersion = 46;
	objects = {

/* Begin PBXBuildFile section */
		FD6285F91A970E06003F6CFB /* AppDelegate.swift in Sources */ = {isa = PBXBuildFile; fileRef = FD6285F81A970E06003F6CFB /* AppDelegate.swift */; };
		FD6285FB1A970E06003F6CFB /* ViewController.swift in Sources */ = {isa = PBXBuildFile; fileRef = FD6285FA1A970E06003F6CFB /* ViewController.swift */; };
		FD6285FE1A970E06003F6CFB /* Main.storyboard in Resources */ = {isa = PBXBuildFile; fileRef = FD6285FC1A970E06003F6CFB /* Main.storyboard */; };
		FD6286001A970E06003F6CFB /* Images.xcassets in Resources */ = {isa = PBXBuildFile; fileRef = FD6285FF1A970E06003F6CFB /* Images.xcassets */; };
		FD6286031A970E06003F6CFB /* LaunchScreen.xib in Resources */ = {isa = PBXBuildFile; fileRef = FD6286011A970E06003F6CFB /* LaunchScreen.xib */; };
		FD62860F1A970E06003F6CFB /* TipcalculatorNewTests.swift in Sources */ = {isa = PBXBuildFile; fileRef = FD62860E1A970E06003F6CFB /* TipcalculatorNewTests.swift */; };
/* End PBXBuildFile section */

/* Begin PBXContainerItemProxy section */
		FD6286091A970E06003F6CFB /* PBXContainerItemProxy */ = {
			isa = PBXContainerItemProxy;
			containerPortal = FD6285EB1A970E06003F6CFB /* Project object */;
			proxyType = 1;
			remoteGlobalIDString = FD6285F21A970E06003F6CFB;
			remoteInfo = TipcalculatorNew;
		};
/* End PBXContainerItemProxy section */

/* Begin PBXFileReference section */
		FD6285F31A970E06003F6CFB /* TipcalculatorNew.app */ = {isa = PBXFileReference; explicitFileType = wrapper.application; includeInIndex = 0; path = TipcalculatorNew.app; sourceTree = BUILT_PRODUCTS_DIR; };
		FD6285F71A970E06003F6CFB /* Info.plist */ = {isa = PBXFileReference; lastKnownFileType = text.plist.xml; path = Info.plist; sourceTree = "<group>"; };
		FD6285F81A970E06003F6CFB /* AppDelegate.swift */ = {isa = PBXFileReference; lastKnownFileType = sourcecode.swift; path = AppDelegate.swift; sourceTree = "<group>"; };
		FD6285FA1A970E06003F6CFB /* ViewController.swift */ = {isa = PBXFileReference; lastKnownFileType = sourcecode.swift; path = ViewController.swift; sourceTree = "<group>"; };
		FD6285FD1A970E06003F6CFB /* Base */ = {isa = PBXFileReference; lastKnownFileType = file.storyboard; name = Base; path = Base.lproj/Main.storyboard; sourceTree = "<group>"; };
		FD6285FF1A970E06003F6CFB /* Images.xcassets */ = {isa = PBXFileReference; lastKnownFileType = folder.assetcatalog; path = Images.xcassets; sourceTree = "<group>"; };
		FD6286021A970E06003F6CFB /* Base */ = {isa = PBXFileReference; lastKnownFileType = file.xib; name = Base; path = Base.lproj/LaunchScreen.xib; sourceTree = "<group>"; };
		FD6286081A970E06003F6CFB /* TipcalculatorNewTests.xctest */ = {isa = PBXFileReference; explicitFileType = wrapper.cfbundle; includeInIndex = 0; path = TipcalculatorNewTests.xctest; sourceTree = BUILT_PRODUCTS_DIR; };
		FD62860D1A970E06003F6CFB /* Info.plist */ = {isa = PBXFileReference; lastKnownFileType = text.plist.xml; path = Info.plist; sourceTree = "<group>"; };
		FD62860E1A970E06003F6CFB /* TipcalculatorNewTests.swift */ = {isa = PBXFileReference; lastKnownFileType = sourcecode.swift; path = TipcalculatorNewTests.swift; sourceTree = "<group>"; };
/* End PBXFileReference section */

/* Begin PBXFrameworksBuildPhase section */
		FD6285F01A970E06003F6CFB /* Frameworks */ = {
			isa = PBXFrameworksBuildPhase;
			buildActionMask = 2147483647;
			files = (
			);
			runOnlyForDeploymentPostprocessing = 0;
		};
		FD6286051A970E06003F6CFB /* Frameworks */ = {
			isa = PBXFrameworksBuildPhase;
			buildActionMask = 2147483647;
			files = (
			);
			runOnlyForDeploymentPostprocessing = 0;
		};
/* End PBXFrameworksBuildPhase section */

/* Begin PBXGroup section */
		FD6285EA1A970E06003F6CFB = {
			isa = PBXGroup;
			children = (
				FD6285F51A970E06003F6CFB /* TipcalculatorNew */,
				FD62860B1A970E06003F6CFB /* TipcalculatorNewTests */,
				FD6285F41A970E06003F6CFB /* Products */,
			);
			sourceTree = "<group>";
		};
		FD6285F41A970E06003F6CFB /* Products */ = {
			isa = PBXGroup;
			children = (
				FD6285F31A970E06003F6CFB /* TipcalculatorNew.app */,
				FD6286081A970E06003F6CFB /* TipcalculatorNewTests.xctest */,
			);
			name = Products;
			sourceTree = "<group>";
		};
		FD6285F51A970E06003F6CFB /* TipcalculatorNew */ = {
			isa = PBXGroup;
			children = (
				FD6285F81A970E06003F6CFB /* AppDelegate.swift */,
				FD6285FA1A970E06003F6CFB /* ViewController.swift */,
				FD6285FC1A970E06003F6CFB /* Main.storyboard */,
				FD6285FF1A970E06003F6CFB /* Images.xcassets */,
				FD6286011A970E06003F6CFB /* LaunchScreen.xib */,
				FD6285F61A970E06003F6CFB /* Supporting Files */,
			);
			path = TipcalculatorNew;
			sourceTree = "<group>";
		};
		FD6285F61A970E06003F6CFB /* Supporting Files */ = {
			isa = PBXGroup;
			children = (
				FD6285F71A970E06003F6CFB /* Info.plist */,
			);
			name = "Supporting Files";
			sourceTree = "<group>";
		};
		FD62860B1A970E06003F6CFB /* TipcalculatorNewTests */ = {
			isa = PBXGroup;
			children = (
				FD62860E1A970E06003F6CFB /* TipcalculatorNewTests.swift */,
				FD62860C1A970E06003F6CFB /* Supporting Files */,
			);
			path = TipcalculatorNewTests;
			sourceTree = "<group>";
		};
		FD62860C1A970E06003F6CFB /* Supporting Files */ = {
			isa = PBXGroup;
			children = (
				FD62860D1A970E06003F6CFB /* Info.plist */,
			);
			name = "Supporting Files";
			sourceTree = "<group>";
		};
/* End PBXGroup section */

/* Begin PBXNativeTarget section */
		FD6285F21A970E06003F6CFB /* TipcalculatorNew */ = {
			isa = PBXNativeTarget;
			buildConfigurationList = FD6286121A970E06003F6CFB /* Build configuration list for PBXNativeTarget "TipcalculatorNew" */;
			buildPhases = (
				FD6285EF1A970E06003F6CFB /* Sources */,
				FD6285F01A970E06003F6CFB /* Frameworks */,
				FD6285F11A970E06003F6CFB /* Resources */,
			);
			buildRules = (
			);
			dependencies = (
			);
			name = TipcalculatorNew;
			productName = TipcalculatorNew;
			productReference = FD6285F31A970E06003F6CFB /* TipcalculatorNew.app */;
			productType = "com.apple.product-type.application";
		};
		FD6286071A970E06003F6CFB /* TipcalculatorNewTests */ = {
			isa = PBXNativeTarget;
			buildConfigurationList = FD6286151A970E06003F6CFB /* Build configuration list for PBXNativeTarget "TipcalculatorNewTests" */;
			buildPhases = (
				FD6286041A970E06003F6CFB /* Sources */,
				FD6286051A970E06003F6CFB /* Frameworks */,
				FD6286061A970E06003F6CFB /* Resources */,
			);
			buildRules = (
			);
			dependencies = (
				FD62860A1A970E06003F6CFB /* PBXTargetDependency */,
			);
			name = TipcalculatorNewTests;
			productName = TipcalculatorNewTests;
			productReference = FD6286081A970E06003F6CFB /* TipcalculatorNewTests.xctest */;
			productType = "com.apple.product-type.bundle.unit-test";
		};
/* End PBXNativeTarget section */

/* Begin PBXProject section */
		FD6285EB1A970E06003F6CFB /* Project object */ = {
			isa = PBXProject;
			attributes = {
				LastUpgradeCheck = 0600;
				ORGANIZATIONNAME = iStudents;
				TargetAttributes = {
					FD6285F21A970E06003F6CFB = {
						CreatedOnToolsVersion = 6.0;
					};
					FD6286071A970E06003F6CFB = {
						CreatedOnToolsVersion = 6.0;
						TestTargetID = FD6285F21A970E06003F6CFB;
					};
				};
			};
			buildConfigurationList = FD6285EE1A970E06003F6CFB /* Build configuration list for PBXProject "TipcalculatorNew" */;
			compatibilityVersion = "Xcode 3.2";
			developmentRegion = English;
			hasScannedForEncodings = 0;
			knownRegions = (
				en,
				Base,
			);
			mainGroup = FD6285EA1A970E06003F6CFB;
			productRefGroup = FD6285F41A970E06003F6CFB /* Products */;
			projectDirPath = "";
			projectRoot = "";
			targets = (
				FD6285F21A970E06003F6CFB /* TipcalculatorNew */,
				FD6286071A970E06003F6CFB /* TipcalculatorNewTests */,
			);
		};
/* End PBXProject section */

/* Begin PBXResourcesBuildPhase section */
		FD6285F11A970E06003F6CFB /* Resources */ = {
			isa = PBXResourcesBuildPhase;
			buildActionMask = 2147483647;
			files = (
				FD6285FE1A970E06003F6CFB /* Main.storyboard in Resources */,
				FD6286031A970E06003F6CFB /* LaunchScreen.xib in Resources */,
				FD6286001A970E06003F6CFB /* Images.xcassets in Resources */,
			);
			runOnlyForDeploymentPostprocessing = 0;
		};
		FD6286061A970E06003F6CFB /* Resources */ = {
			isa = PBXResourcesBuildPhase;
			buildActionMask = 2147483647;
			files = (
			);
			runOnlyForDeploymentPostprocessing = 0;
		};
/* End PBXResourcesBuildPhase section */

/* Begin PBXSourcesBuildPhase section */
		FD6285EF1A970E06003F6CFB /* Sources */ = {
			isa = PBXSourcesBuildPhase;
			buildActionMask = 2147483647;
			files = (
				FD6285FB1A970E06003F6CFB /* ViewController.swift in Sources */,
				FD6285F91A970E06003F6CFB /* AppDelegate.swift in Sources */,
			);
			runOnlyForDeploymentPostprocessing = 0;
		};
		FD6286041A970E06003F6CFB /* Sources */ = {
			isa = PBXSourcesBuildPhase;
			buildActionMask = 2147483647;
			files = (
				FD62860F1A970E06003F6CFB /* TipcalculatorNewTests.swift in Sources */,
			);
			runOnlyForDeploymentPostprocessing = 0;
		};
/* End PBXSourcesBuildPhase section */

/* Begin PBXTargetDependency section */
		FD62860A1A970E06003F6CFB /* PBXTargetDependency */ = {
			isa = PBXTargetDependency;
			target = FD6285F21A970E06003F6CFB /* TipcalculatorNew */;
			targetProxy = FD6286091A970E06003F6CFB /* PBXContainerItemProxy */;
		};
/* End PBXTargetDependency section */

/* Begin PBXVariantGroup section */
		FD6285FC1A970E06003F6CFB /* Main.storyboard */ = {
			isa = PBXVariantGroup;
			children = (
				FD6285FD1A970E06003F6CFB /* Base */,
			);
			name = Main.storyboard;
			sourceTree = "<group>";
		};
		FD6286011A970E06003F6CFB /* LaunchScreen.xib */ = {
			isa = PBXVariantGroup;
			children = (
				FD6286021A970E06003F6CFB /* Base */,
			);
			name = LaunchScreen.xib;
			sourceTree = "<group>";
		};
/* End PBXVariantGroup section */

/* Begin XCBuildConfiguration section */
		FD6286101A970E06003F6CFB /* Debug */ = {
			isa = XCBuildConfiguration;
			buildSettings = {
				ALWAYS_SEARCH_USER_PATHS = NO;
				CLANG_CXX_LANGUAGE_STANDARD = "gnu++0x";
				CLANG_CXX_LIBRARY = "libc++";
				CLANG_ENABLE_MODULES = YES;
				CLANG_ENABLE_OBJC_ARC = YES;
				CLANG_WARN_BOOL_CONVERSION = YES;
				CLANG_WARN_CONSTANT_CONVERSION = YES;
				CLANG_WARN_DIRECT_OBJC_ISA_USAGE = YES_ERROR;
				CLANG_WARN_EMPTY_BODY = YES;
				CLANG_WARN_ENUM_CONVERSION = YES;
				CLANG_WARN_INT_CONVERSION = YES;
				CLANG_WARN_OBJC_ROOT_CLASS = YES_ERROR;
				CLANG_WARN_UNREACHABLE_CODE = YES;
				CLANG_WARN__DUPLICATE_METHOD_MATCH = YES;
				"CODE_SIGN_IDENTITY[sdk=iphoneos*]" = "iPhone Developer";
				COPY_PHASE_STRIP = NO;
				ENABLE_STRICT_OBJC_MSGSEND = YES;
				GCC_C_LANGUAGE_STANDARD = gnu99;
				GCC_DYNAMIC_NO_PIC = NO;
				GCC_OPTIMIZATION_LEVEL = 0;
				GCC_PREPROCESSOR_DEFINITIONS = (
					"DEBUG=1",
					"$(inherited)",
				);
				GCC_SYMBOLS_PRIVATE_EXTERN = NO;
				GCC_WARN_64_TO_32_BIT_CONVERSION = YES;
				GCC_WARN_ABOUT_RETURN_TYPE = YES_ERROR;
				GCC_WARN_UNDECLARED_SELECTOR = YES;
				GCC_WARN_UNINITIALIZED_AUTOS = YES_AGGRESSIVE;
				GCC_WARN_UNUSED_FUNCTION = YES;
				GCC_WARN_UNUSED_VARIABLE = YES;
				IPHONEOS_DEPLOYMENT_TARGET = 8.0;
				MTL_ENABLE_DEBUG_INFO = YES;
				ONLY_ACTIVE_ARCH = YES;
				SDKROOT = iphoneos;
				SWIFT_OPTIMIZATION_LEVEL = "-Onone";
			};
			name = Debug;
		};
		FD6286111A970E06003F6CFB /* Release */ = {
			isa = XCBuildConfiguration;
			buildSettings = {
				ALWAYS_SEARCH_USER_PATHS = NO;
				CLANG_CXX_LANGUAGE_STANDARD = "gnu++0x";
				CLANG_CXX_LIBRARY = "libc++";
				CLANG_ENABLE_MODULES = YES;
				CLANG_ENABLE_OBJC_ARC = YES;
				CLANG_WARN_BOOL_CONVERSION = YES;
				CLANG_WARN_CONSTANT_CONVERSION = YES;
				CLANG_WARN_DIRECT_OBJC_ISA_USAGE = YES_ERROR;
				CLANG_WARN_EMPTY_BODY = YES;
				CLANG_WARN_ENUM_CONVERSION = YES;
				CLANG_WARN_INT_CONVERSION = YES;
				CLANG_WARN_OBJC_ROOT_CLASS = YES_ERROR;
				CLANG_WARN_UNREACHABLE_CODE = YES;
				CLANG_WARN__DUPLICATE_METHOD_MATCH = YES;
				"CODE_SIGN_IDENTITY[sdk=iphoneos*]" = "iPhone Developer";
				COPY_PHASE_STRIP = YES;
				ENABLE_NS_ASSERTIONS = NO;
				ENABLE_STRICT_OBJC_MSGSEND = YES;
				GCC_C_LANGUAGE_STANDARD = gnu99;
				GCC_WARN_64_TO_32_BIT_CONVERSION = YES;
				GCC_WARN_ABOUT_RETURN_TYPE = YES_ERROR;
				GCC_WARN_UNDECLARED_SELECTOR = YES;
				GCC_WARN_UNINITIALIZED_AUTOS = YES_AGGRESSIVE;
				GCC_WARN_UNUSED_FUNCTION = YES;
				GCC_WARN_UNUSED_VARIABLE = YES;
				IPHONEOS_DEPLOYMENT_TARGET = 8.0;
				MTL_ENABLE_DEBUG_INFO = NO;
				SDKROOT = iphoneos;
				VALIDATE_PRODUCT = YES;
			};
			name = Release;
		};
		FD6286131A970E06003F6CFB /* Debug */ = {
			isa = XCBuildConfiguration;
			buildSettings = {
				ASSETCATALOG_COMPILER_APPICON_NAME = AppIcon;
				INFOPLIST_FILE = TipcalculatorNew/Info.plist;
				LD_RUNPATH_SEARCH_PATHS = "$(inherited) @executable_path/Frameworks";
				PRODUCT_NAME = "$(TARGET_NAME)";
			};
			name = Debug;
		};
		FD6286141A970E06003F6CFB /* Release */ = {
			isa = XCBuildConfiguration;
			buildSettings = {
				ASSETCATALOG_COMPILER_APPICON_NAME = AppIcon;
				INFOPLIST_FILE = TipcalculatorNew/Info.plist;
				LD_RUNPATH_SEARCH_PATHS = "$(inherited) @executable_path/Frameworks";
				PRODUCT_NAME = "$(TARGET_NAME)";
			};
			name = Release;
		};
		FD6286161A970E06003F6CFB /* Debug */ = {
			isa = XCBuildConfiguration;
			buildSettings = {
				BUNDLE_LOADER = "$(TEST_HOST)";
				FRAMEWORK_SEARCH_PATHS = (
					"$(SDKROOT)/Developer/Library/Frameworks",
					"$(inherited)",
				);
				GCC_PREPROCESSOR_DEFINITIONS = (
					"DEBUG=1",
					"$(inherited)",
				);
				INFOPLIST_FILE = TipcalculatorNewTests/Info.plist;
				LD_RUNPATH_SEARCH_PATHS = "$(inherited) @executable_path/Frameworks @loader_path/Frameworks";
				PRODUCT_NAME = "$(TARGET_NAME)";
				TEST_HOST = "$(BUILT_PRODUCTS_DIR)/TipcalculatorNew.app/TipcalculatorNew";
			};
			name = Debug;
		};
		FD6286171A970E06003F6CFB /* Release */ = {
			isa = XCBuildConfiguration;
			buildSettings = {
				BUNDLE_LOADER = "$(TEST_HOST)";
				FRAMEWORK_SEARCH_PATHS = (
					"$(SDKROOT)/Developer/Library/Frameworks",
					"$(inherited)",
				);
				INFOPLIST_FILE = TipcalculatorNewTests/Info.plist;
				LD_RUNPATH_SEARCH_PATHS = "$(inherited) @executable_path/Frameworks @loader_path/Frameworks";
				PRODUCT_NAME = "$(TARGET_NAME)";
				TEST_HOST = "$(BUILT_PRODUCTS_DIR)/TipcalculatorNew.app/TipcalculatorNew";
			};
			name = Release;
		};
/* End XCBuildConfiguration section */

/* Begin XCConfigurationList section */
		FD6285EE1A970E06003F6CFB /* Build configuration list for PBXProject "TipcalculatorNew" */ = {
			isa = XCConfigurationList;
			buildConfigurations = (
				FD6286101A970E06003F6CFB /* Debug */,
				FD6286111A970E06003F6CFB /* Release */,
			);
			defaultConfigurationIsVisible = 0;
			defaultConfigurationName = Release;
		};
		FD6286121A970E06003F6CFB /* Build configuration list for PBXNativeTarget "TipcalculatorNew" */ = {
			isa = XCConfigurationList;
			buildConfigurations = (
				FD6286131A970E06003F6CFB /* Debug */,
				FD6286141A970E06003F6CFB /* Release */,
			);
			defaultConfigurationIsVisible = 0;
		};
		FD6286151A970E06003F6CFB /* Build configuration list for PBXNativeTarget "TipcalculatorNewTests" */ = {
			isa = XCConfigurationList;
			buildConfigurations = (
				FD6286161A970E06003F6CFB /* Debug */,
				FD6286171A970E06003F6CFB /* Release */,
			);
			defaultConfigurationIsVisible = 0;
		};
/* End XCConfigurationList section */
	};
	rootObject = FD6285EB1A970E06003F6CFB /* Project object */;
}
